{
    "_readme": [
        "This file locks the dependencies of your project to a known state",
        "Read more about it at https://getcomposer.org/doc/01-basic-usage.md#installing-dependencies",
        "This file is @generated automatically"
    ],
    "content-hash": "e34c44100139a6ecee4f2cf7ba194751",
    "packages": [
        {
            "name": "opis/closure",
            "version": "3.5.1",
            "source": {
                "type": "git",
                "url": "https://github.com/opis/closure.git",
                "reference": "93ebc5712cdad8d5f489b500c59d122df2e53969"
            },
            "dist": {
                "type": "zip",
                "url": "https://api.github.com/repos/opis/closure/zipball/93ebc5712cdad8d5f489b500c59d122df2e53969",
                "reference": "93ebc5712cdad8d5f489b500c59d122df2e53969",
                "shasum": ""
            },
            "require": {
                "php": "^5.4 || ^7.0"
            },
            "require-dev": {
                "jeremeamia/superclosure": "^2.0",
                "phpunit/phpunit": "^4.0 || ^5.0 || ^6.0 || ^7.0"
            },
            "type": "library",
            "extra": {
                "branch-alias": {
                    "dev-master": "3.5.x-dev"
                }
            },
            "autoload": {
                "psr-4": {
                    "Opis\\Closure\\": "src/"
                },
                "files": [
                    "functions.php"
                ]
            },
            "notification-url": "https://packagist.org/downloads/",
            "license": [
                "MIT"
            ],
            "authors": [
                {
                    "name": "Marius Sarca",
                    "email": "marius.sarca@gmail.com"
                },
                {
                    "name": "Sorin Sarca",
                    "email": "sarca_sorin@hotmail.com"
                }
            ],
            "description": "A library that can be used to serialize closures (anonymous functions) and arbitrary objects.",
            "homepage": "https://opis.io/closure",
            "keywords": [
                "anonymous functions",
                "closure",
                "function",
                "serializable",
                "serialization",
                "serialize"
            ],
            "time": "2019-11-29T22:36:02+00:00"
        },
        {
            "name": "spatie/async",
            "version": "1.4.0",
            "source": {
                "type": "git",
                "url": "https://github.com/spatie/async.git",
                "reference": "e778fbe6f84da6b87d5bb737dfee28453d5c6fe4"
            },
            "dist": {
                "type": "zip",
                "url": "https://api.github.com/repos/spatie/async/zipball/e778fbe6f84da6b87d5bb737dfee28453d5c6fe4",
                "reference": "e778fbe6f84da6b87d5bb737dfee28453d5c6fe4",
                "shasum": ""
            },
            "require": {
                "opis/closure": "^3.4.2",
                "php": "^7.1",
                "symfony/process": "^3.3 || ^4.0 || ^5.0"
            },
            "require-dev": {
                "larapack/dd": "^1.1",
                "phpunit/phpunit": "^6.5",
                "symfony/stopwatch": "^4.0 || ^5.0"
            },
            "suggest": {
                "ext-pcntl": "Required to use async processes",
                "ext-posix": "Required to use async processes"
            },
            "type": "library",
            "autoload": {
                "files": [
                    "src/helpers.php"
                ],
                "psr-4": {
                    "Spatie\\Async\\": "src"
                }
            },
            "notification-url": "https://packagist.org/downloads/",
            "license": [
                "MIT"
            ],
            "authors": [
                {
                    "name": "Brent Roose",
                    "email": "brent@spatie.be",
                    "homepage": "https://spatie.be",
                    "role": "Developer"
                }
            ],
            "description": "Asynchronous and parallel PHP with the PCNTL extension",
            "homepage": "https://github.com/spatie/async",
            "keywords": [
                "async",
                "spatie"
            ],
            "time": "2020-04-15T05:50:42+00:00"
        },
        {
            "name": "symfony/process",
            "version": "v5.0.8",
            "source": {
                "type": "git",
                "url": "https://github.com/symfony/process.git",
                "reference": "3179f68dff5bad14d38c4114a1dab98030801fd7"
            },
            "dist": {
                "type": "zip",
                "url": "https://api.github.com/repos/symfony/process/zipball/3179f68dff5bad14d38c4114a1dab98030801fd7",
                "reference": "3179f68dff5bad14d38c4114a1dab98030801fd7",
                "shasum": ""
            },
            "require": {
                "php": "^7.2.5"
            },
            "type": "library",
            "extra": {
                "branch-alias": {
                    "dev-master": "5.0-dev"
                }
            },
            "autoload": {
                "psr-4": {
                    "Symfony\\Component\\Process\\": ""
                },
                "exclude-from-classmap": [
                    "/Tests/"
                ]
            },
            "notification-url": "https://packagist.org/downloads/",
            "license": [
                "MIT"
            ],
            "authors": [
                {
                    "name": "Fabien Potencier",
                    "email": "fabien@symfony.com"
                },
                {
                    "name": "Symfony Community",
                    "homepage": "https://symfony.com/contributors"
                }
            ],
            "description": "Symfony Process Component",
            "homepage": "https://symfony.com",
            "funding": [
                {
                    "url": "https://symfony.com/sponsor",
                    "type": "custom"
                },
                {
                    "url": "https://github.com/fabpot",
                    "type": "github"
                },
                {
                    "url": "https://tidelift.com/funding/github/packagist/symfony/symfony",
                    "type": "tidelift"
                }
            ],
            "time": "2020-04-15T15:59:10+00:00"
        }
    ],
    "packages-dev": [],
    "aliases": [],
    "minimum-stability": "stable",
    "stability-flags": [],
    "prefer-stable": false,
    "prefer-lowest": false,
    "platform": [],
    "platform-dev": [],
    "plugin-api-version": "1.1.0"
}
